
Microsoft Visual Studio Solution File, Format Version 12.00
# Visual Studio 2013
VisualStudioVersion = 12.0.31101.0
MinimumVisualStudioVersion = 10.0.40219.1
Project("{8BC9CEB8-8B4A-11D0-8D11-00A0C91BC942}") = "LzmaNet", "LzmaNet\LzmaNet.vcxproj", "{CCA00C1C-518B-47CD-B415-03A187164AFD}"
EndProject
Project("{8BC9CEB8-8B4A-11D0-8D11-00A0C91BC942}") = "LzmaLib", "lzma\Util\LzmaLib\LzmaLib.vcxproj", "{A49552E9-45B6-4150-914E-63EAEB320623}"
EndProject
Project("{FAE04EC0-301F-11D3-BF4B-00C04F79EFBC}") = "Benchmark", "Benchmark\Benchmark.csproj", "{9D99C435-75A5-4400-94CB-C9EEF2983032}"
EndProject
Global
	GlobalSection(SolutionConfigurationPlatforms) = preSolution
		Debug|Any CPU = Debug|Any CPU
		Debug|Win32 = Debug|Win32
		Release|Any CPU = Release|Any CPU
		Release|Win32 = Release|Win32
	EndGlobalSection
	GlobalSection(ProjectConfigurationPlatforms) = postSolution
		{CCA00C1C-518B-47CD-B415-03A187164AFD}.Debug|Any CPU.ActiveCfg = Debug|Win32
		{CCA00C1C-518B-47CD-B415-03A187164AFD}.Debug|Any CPU.Build.0 = Debug|Win32
		{CCA00C1C-518B-47CD-B415-03A187164AFD}.Debug|Win32.ActiveCfg = Debug|Win32
		{CCA00C1C-518B-47CD-B415-03A187164AFD}.Debug|Win32.Build.0 = Debug|Win32
		{CCA00C1C-518B-47CD-B415-03A187164AFD}.Release|Any CPU.ActiveCfg = Release|Win32
		{CCA00C1C-518B-47CD-B415-03A187164AFD}.Release|Win32.ActiveCfg = Release|Win32
		{CCA00C1C-518B-47CD-B415-03A187164AFD}.Release|Win32.Build.0 = Release|Win32
		{A49552E9-45B6-4150-914E-63EAEB320623}.Debug|Any CPU.ActiveCfg = Debug|Win32
		{A49552E9-45B6-4150-914E-63EAEB320623}.Debug|Any CPU.Build.0 = Debug|Win32
		{A49552E9-45B6-4150-914E-63EAEB320623}.Debug|Win32.ActiveCfg = Debug|Win32
		{A49552E9-45B6-4150-914E-63EAEB320623}.Debug|Win32.Build.0 = Debug|Win32
		{A49552E9-45B6-4150-914E-63EAEB320623}.Release|Any CPU.ActiveCfg = Release|Win32
		{A49552E9-45B6-4150-914E-63EAEB320623}.Release|Win32.ActiveCfg = Release|Win32
		{A49552E9-45B6-4150-914E-63EAEB320623}.Release|Win32.Build.0 = Release|Win32
		{9D99C435-75A5-4400-94CB-C9EEF2983032}.Debug|Any CPU.ActiveCfg = Debug|Any CPU
		{9D99C435-75A5-4400-94CB-C9EEF2983032}.Debug|Any CPU.Build.0 = Debug|Any CPU
		{9D99C435-75A5-4400-94CB-C9EEF2983032}.Debug|Win32.ActiveCfg = Debug|Any CPU
		{9D99C435-75A5-4400-94CB-C9EEF2983032}.Release|Any CPU.ActiveCfg = Release|Any CPU
		{9D99C435-75A5-4400-94CB-C9EEF2983032}.Release|Any CPU.Build.0 = Release|Any CPU
		{9D99C435-75A5-4400-94CB-C9EEF2983032}.Release|Win32.ActiveCfg = Release|Any CPU
	EndGlobalSection
	GlobalSection(SolutionProperties) = preSolution
		HideSolutionNode = FALSE
	EndGlobalSection
EndGlobal
